
Microsoft Visual Studio Solution File, Format Version 12.00
# Visual Studio Version 17
VisualStudioVersion = 17.12.35527.113 d17.12
MinimumVisualStudioVersion = 10.0.40219.1
Project("{FAE04EC0-301F-11D3-BF4B-00C04F79EFBC}") = "TddProjekt", "KalkylatorTest\TddProjekt.csproj", "{557C18C3-168C-4303-B630-8083F4259DE6}"
EndProject
Project("{FAE04EC0-301F-11D3-BF4B-00C04F79EFBC}") = "CalculatorLib", "CalculatorClass\CalculatorLib.csproj", "{D93BAD27-E11F-4286-8C74-F66184A47553}"
EndProject
Global
	GlobalSection(SolutionConfigurationPlatforms) = preSolution
		Debug|Any CPU = Debug|Any CPU
		Release|Any CPU = Release|Any CPU
	EndGlobalSection
	GlobalSection(ProjectConfigurationPlatforms) = postSolution
		{557C18C3-168C-4303-B630-8083F4259DE6}.Debug|Any CPU.ActiveCfg = Debug|Any CPU
		{557C18C3-168C-4303-B630-8083F4259DE6}.Debug|Any CPU.Build.0 = Debug|Any CPU
		{557C18C3-168C-4303-B630-8083F4259DE6}.Release|Any CPU.ActiveCfg = Release|Any CPU
		{557C18C3-168C-4303-B630-8083F4259DE6}.Release|Any CPU.Build.0 = Release|Any CPU
		{D93BAD27-E11F-4286-8C74-F66184A47553}.Debug|Any CPU.ActiveCfg = Debug|Any CPU
		{D93BAD27-E11F-4286-8C74-F66184A47553}.Debug|Any CPU.Build.0 = Debug|Any CPU
		{D93BAD27-E11F-4286-8C74-F66184A47553}.Release|Any CPU.ActiveCfg = Release|Any CPU
		{D93BAD27-E11F-4286-8C74-F66184A47553}.Release|Any CPU.Build.0 = Release|Any CPU
	EndGlobalSection
	GlobalSection(SolutionProperties) = preSolution
		HideSolutionNode = FALSE
	EndGlobalSection
EndGlobal
